// !$*UTF8*$!
{
	archiveVersion = 1;
	classes = {
	};
	objectVersion = 46;
	objects = {

/* Begin PBXBuildFile section */
		D25C45951A7F85BB005CF5E5 /* main.m in Sources */ = {isa = PBXBuildFile; fileRef = D25C45941A7F85BB005CF5E5 /* main.m */; };
		D25C45981A7F85BB005CF5E5 /* AppDelegate.m in Sources */ = {isa = PBXBuildFile; fileRef = D25C45971A7F85BB005CF5E5 /* AppDelegate.m */; };
		D25C459B1A7F85BB005CF5E5 /* PictureViewController.m in Sources */ = {isa = PBXBuildFile; fileRef = D25C459A1A7F85BB005CF5E5 /* PictureViewController.m */; };
		D25C45A01A7F85BB005CF5E5 /* Images.xcassets in Resources */ = {isa = PBXBuildFile; fileRef = D25C459F1A7F85BB005CF5E5 /* Images.xcassets */; };
		D25C45A31A7F85BB005CF5E5 /* LaunchScreen.xib in Resources */ = {isa = PBXBuildFile; fileRef = D25C45A11A7F85BB005CF5E5 /* LaunchScreen.xib */; };
		D25C45AF1A7F85BB005CF5E5 /* TestAppTests.m in Sources */ = {isa = PBXBuildFile; fileRef = D25C45AE1A7F85BB005CF5E5 /* TestAppTests.m */; };
/* End PBXBuildFile section */

/* Begin PBXContainerItemProxy section */
		D25C45A91A7F85BB005CF5E5 /* PBXContainerItemProxy */ = {
			isa = PBXContainerItemProxy;
			containerPortal = D25C45871A7F85BA005CF5E5 /* Project object */;
			proxyType = 1;
			remoteGlobalIDString = D25C458E1A7F85BA005CF5E5;
			remoteInfo = TestApp;
		};
/* End PBXContainerItemProxy section */

/* Begin PBXFileReference section */
		D25C458F1A7F85BA005CF5E5 /* TestApp.app */ = {isa = PBXFileReference; explicitFileType = wrapper.application; includeInIndex = 0; path = TestApp.app; sourceTree = BUILT_PRODUCTS_DIR; };
		D25C45931A7F85BA005CF5E5 /* Info.plist */ = {isa = PBXFileReference; lastKnownFileType = text.plist.xml; path = Info.plist; sourceTree = "<group>"; };
		D25C45941A7F85BB005CF5E5 /* main.m */ = {isa = PBXFileReference; lastKnownFileType = sourcecode.c.objc; path = main.m; sourceTree = "<group>"; };
		D25C45961A7F85BB005CF5E5 /* AppDelegate.h */ = {isa = PBXFileReference; lastKnownFileType = sourcecode.c.h; path = AppDelegate.h; sourceTree = "<group>"; };
		D25C45971A7F85BB005CF5E5 /* AppDelegate.m */ = {isa = PBXFileReference; lastKnownFileType = sourcecode.c.objc; path = AppDelegate.m; sourceTree = "<group>"; };
		D25C45991A7F85BB005CF5E5 /* PictureViewController.h */ = {isa = PBXFileReference; lastKnownFileType = sourcecode.c.h; path = PictureViewController.h; sourceTree = "<group>"; };
		D25C459A1A7F85BB005CF5E5 /* PictureViewController.m */ = {isa = PBXFileReference; lastKnownFileType = sourcecode.c.objc; path = PictureViewController.m; sourceTree = "<group>"; };
		D25C459F1A7F85BB005CF5E5 /* Images.xcassets */ = {isa = PBXFileReference; lastKnownFileType = folder.assetcatalog; path = Images.xcassets; sourceTree = "<group>"; };
		D25C45A21A7F85BB005CF5E5 /* Base */ = {isa = PBXFileReference; lastKnownFileType = file.xib; name = Base; path = Base.lproj/LaunchScreen.xib; sourceTree = "<group>"; };
		D25C45A81A7F85BB005CF5E5 /* TestAppTests.xctest */ = {isa = PBXFileReference; explicitFileType = wrapper.cfbundle; includeInIndex = 0; path = TestAppTests.xctest; sourceTree = BUILT_PRODUCTS_DIR; };
		D25C45AD1A7F85BB005CF5E5 /* Info.plist */ = {isa = PBXFileReference; lastKnownFileType = text.plist.xml; path = Info.plist; sourceTree = "<group>"; };
		D25C45AE1A7F85BB005CF5E5 /* TestAppTests.m */ = {isa = PBXFileReference; lastKnownFileType = sourcecode.c.objc; path = TestAppTests.m; sourceTree = "<group>"; };
/* End PBXFileReference section */

/* Begin PBXFrameworksBuildPhase section */
		D25C458C1A7F85BA005CF5E5 /* Frameworks */ = {
			isa = PBXFrameworksBuildPhase;
			buildActionMask = 2147483647;
			files = (
			);
			runOnlyForDeploymentPostprocessing = 0;
		};
		D25C45A51A7F85BB005CF5E5 /* Frameworks */ = {
			isa = PBXFrameworksBuildPhase;
			buildActionMask = 2147483647;
			files = (
			);
			runOnlyForDeploymentPostprocessing = 0;
		};
/* End PBXFrameworksBuildPhase section */

/* Begin PBXGroup section */
		D25C45861A7F85BA005CF5E5 = {
			isa = PBXGroup;
			children = (
				D25C45911A7F85BA005CF5E5 /* TestApp */,
				D25C45AB1A7F85BB005CF5E5 /* TestAppTests */,
				D25C45901A7F85BA005CF5E5 /* Products */,
			);
			sourceTree = "<group>";
		};
		D25C45901A7F85BA005CF5E5 /* Products */ = {
			isa = PBXGroup;
			children = (
				D25C458F1A7F85BA005CF5E5 /* TestApp.app */,
				D25C45A81A7F85BB005CF5E5 /* TestAppTests.xctest */,
			);
			name = Products;
			sourceTree = "<group>";
		};
		D25C45911A7F85BA005CF5E5 /* TestApp */ = {
			isa = PBXGroup;
			children = (
				D25C45961A7F85BB005CF5E5 /* AppDelegate.h */,
				D25C45971A7F85BB005CF5E5 /* AppDelegate.m */,
				D25C45991A7F85BB005CF5E5 /* PictureViewController.h */,
				D25C459A1A7F85BB005CF5E5 /* PictureViewController.m */,
				D25C459F1A7F85BB005CF5E5 /* Images.xcassets */,
				D25C45A11A7F85BB005CF5E5 /* LaunchScreen.xib */,
				D25C45921A7F85BA005CF5E5 /* Supporting Files */,
			);
			path = TestApp;
			sourceTree = "<group>";
		};
		D25C45921A7F85BA005CF5E5 /* Supporting Files */ = {
			isa = PBXGroup;
			children = (
				D25C45931A7F85BA005CF5E5 /* Info.plist */,
				D25C45941A7F85BB005CF5E5 /* main.m */,
			);
			name = "Supporting Files";
			sourceTree = "<group>";
		};
		D25C45AB1A7F85BB005CF5E5 /* TestAppTests */ = {
			isa = PBXGroup;
			children = (
				D25C45AE1A7F85BB005CF5E5 /* TestAppTests.m */,
				D25C45AC1A7F85BB005CF5E5 /* Supporting Files */,
			);
			path = TestAppTests;
			sourceTree = "<group>";
		};
		D25C45AC1A7F85BB005CF5E5 /* Supporting Files */ = {
			isa = PBXGroup;
			children = (
				D25C45AD1A7F85BB005CF5E5 /* Info.plist */,
			);
			name = "Supporting Files";
			sourceTree = "<group>";
		};
/* End PBXGroup section */

/* Begin PBXNativeTarget section */
		D25C458E1A7F85BA005CF5E5 /* TestApp */ = {
			isa = PBXNativeTarget;
			buildConfigurationList = D25C45B21A7F85BB005CF5E5 /* Build configuration list for PBXNativeTarget "TestApp" */;
			buildPhases = (
				D25C458B1A7F85BA005CF5E5 /* Sources */,
				D25C458C1A7F85BA005CF5E5 /* Frameworks */,
				D25C458D1A7F85BA005CF5E5 /* Resources */,
			);
			buildRules = (
			);
			dependencies = (
			);
			name = TestApp;
			productName = TestApp;
			productReference = D25C458F1A7F85BA005CF5E5 /* TestApp.app */;
			productType = "com.apple.product-type.application";
		};
		D25C45A71A7F85BB005CF5E5 /* TestAppTests */ = {
			isa = PBXNativeTarget;
			buildConfigurationList = D25C45B51A7F85BB005CF5E5 /* Build configuration list for PBXNativeTarget "TestAppTests" */;
			buildPhases = (
				D25C45A41A7F85BB005CF5E5 /* Sources */,
				D25C45A51A7F85BB005CF5E5 /* Frameworks */,
				D25C45A61A7F85BB005CF5E5 /* Resources */,
			);
			buildRules = (
			);
			dependencies = (
				D25C45AA1A7F85BB005CF5E5 /* PBXTargetDependency */,
			);
			name = TestAppTests;
			productName = TestAppTests;
			productReference = D25C45A81A7F85BB005CF5E5 /* TestAppTests.xctest */;
			productType = "com.apple.product-type.bundle.unit-test";
		};
/* End PBXNativeTarget section */

/* Begin PBXProject section */
		D25C45871A7F85BA005CF5E5 /* Project object */ = {
			isa = PBXProject;
			attributes = {
				LastUpgradeCheck = 0610;
				ORGANIZATIONNAME = Test;
				TargetAttributes = {
					D25C458E1A7F85BA005CF5E5 = {
						CreatedOnToolsVersion = 6.1.1;
					};
					D25C45A71A7F85BB005CF5E5 = {
						CreatedOnToolsVersion = 6.1.1;
						TestTargetID = D25C458E1A7F85BA005CF5E5;
					};
				};
			};
			buildConfigurationList = D25C458A1A7F85BA005CF5E5 /* Build configuration list for PBXProject "TestApp" */;
			compatibilityVersion = "Xcode 3.2";
			developmentRegion = English;
			hasScannedForEncodings = 0;
			knownRegions = (
				en,
				Base,
			);
			mainGroup = D25C45861A7F85BA005CF5E5;
			productRefGroup = D25C45901A7F85BA005CF5E5 /* Products */;
			projectDirPath = "";
			projectRoot = "";
			targets = (
				D25C458E1A7F85BA005CF5E5 /* TestApp */,
				D25C45A71A7F85BB005CF5E5 /* TestAppTests */,
			);
		};
/* End PBXProject section */

/* Begin PBXResourcesBuildPhase section */
		D25C458D1A7F85BA005CF5E5 /* Resources */ = {
			isa = PBXResourcesBuildPhase;
			buildActionMask = 2147483647;
			files = (
				D25C45A31A7F85BB005CF5E5 /* LaunchScreen.xib in Resources */,
				D25C45A01A7F85BB005CF5E5 /* Images.xcassets in Resources */,
			);
			runOnlyForDeploymentPostprocessing = 0;
		};
		D25C45A61A7F85BB005CF5E5 /* Resources */ = {
			isa = PBXResourcesBuildPhase;
			buildActionMask = 2147483647;
			files = (
			);
			runOnlyForDeploymentPostprocessing = 0;
		};
/* End PBXResourcesBuildPhase section */

/* Begin PBXSourcesBuildPhase section */
		D25C458B1A7F85BA005CF5E5 /* Sources */ = {
			isa = PBXSourcesBuildPhase;
			buildActionMask = 2147483647;
			files = (
				D25C459B1A7F85BB005CF5E5 /* PictureViewController.m in Sources */,
				D25C45981A7F85BB005CF5E5 /* AppDelegate.m in Sources */,
				D25C45951A7F85BB005CF5E5 /* main.m in Sources */,
			);
			runOnlyForDeploymentPostprocessing = 0;
		};
		D25C45A41A7F85BB005CF5E5 /* Sources */ = {
			isa = PBXSourcesBuildPhase;
			buildActionMask = 2147483647;
			files = (
				D25C45AF1A7F85BB005CF5E5 /* TestAppTests.m in Sources */,
			);
			runOnlyForDeploymentPostprocessing = 0;
		};
/* End PBXSourcesBuildPhase section */

/* Begin PBXTargetDependency section */
		D25C45AA1A7F85BB005CF5E5 /* PBXTargetDependency */ = {
			isa = PBXTargetDependency;
			target = D25C458E1A7F85BA005CF5E5 /* TestApp */;
			targetProxy = D25C45A91A7F85BB005CF5E5 /* PBXContainerItemProxy */;
		};
/* End PBXTargetDependency section */

/* Begin PBXVariantGroup section */
		D25C45A11A7F85BB005CF5E5 /* LaunchScreen.xib */ = {
			isa = PBXVariantGroup;
			children = (
				D25C45A21A7F85BB005CF5E5 /* Base */,
			);
			name = LaunchScreen.xib;
			sourceTree = "<group>";
		};
/* End PBXVariantGroup section */

/* Begin XCBuildConfiguration section */
		D25C45B01A7F85BB005CF5E5 /* Debug */ = {
			isa = XCBuildConfiguration;
			buildSettings = {
				ALWAYS_SEARCH_USER_PATHS = NO;
				CLANG_CXX_LANGUAGE_STANDARD = "gnu++0x";
				CLANG_CXX_LIBRARY = "libc++";
				CLANG_ENABLE_MODULES = YES;
				CLANG_ENABLE_OBJC_ARC = YES;
				CLANG_WARN_BOOL_CONVERSION = YES;
				CLANG_WARN_CONSTANT_CONVERSION = YES;
				CLANG_WARN_DIRECT_OBJC_ISA_USAGE = YES_ERROR;
				CLANG_WARN_EMPTY_BODY = YES;
				CLANG_WARN_ENUM_CONVERSION = YES;
				CLANG_WARN_INT_CONVERSION = YES;
				CLANG_WARN_OBJC_ROOT_CLASS = YES_ERROR;
				CLANG_WARN_UNREACHABLE_CODE = YES;
				CLANG_WARN__DUPLICATE_METHOD_MATCH = YES;
				"CODE_SIGN_IDENTITY[sdk=iphoneos*]" = "iPhone Developer";
				COPY_PHASE_STRIP = NO;
				ENABLE_STRICT_OBJC_MSGSEND = YES;
				GCC_C_LANGUAGE_STANDARD = gnu99;
				GCC_DYNAMIC_NO_PIC = NO;
				GCC_OPTIMIZATION_LEVEL = 0;
				GCC_PREPROCESSOR_DEFINITIONS = (
					"DEBUG=1",
					"$(inherited)",
				);
				GCC_SYMBOLS_PRIVATE_EXTERN = NO;
				GCC_WARN_64_TO_32_BIT_CONVERSION = YES;
				GCC_WARN_ABOUT_RETURN_TYPE = YES_ERROR;
				GCC_WARN_UNDECLARED_SELECTOR = YES;
				GCC_WARN_UNINITIALIZED_AUTOS = YES_AGGRESSIVE;
				GCC_WARN_UNUSED_FUNCTION = YES;
				GCC_WARN_UNUSED_VARIABLE = YES;
				IPHONEOS_DEPLOYMENT_TARGET = 8.1;
				MTL_ENABLE_DEBUG_INFO = YES;
				ONLY_ACTIVE_ARCH = YES;
				SDKROOT = iphoneos;
			};
			name = Debug;
		};
		D25C45B11A7F85BB005CF5E5 /* Release */ = {
			isa = XCBuildConfiguration;
			buildSettings = {
				ALWAYS_SEARCH_USER_PATHS = NO;
				CLANG_CXX_LANGUAGE_STANDARD = "gnu++0x";
				CLANG_CXX_LIBRARY = "libc++";
				CLANG_ENABLE_MODULES = YES;
				CLANG_ENABLE_OBJC_ARC = YES;
				CLANG_WARN_BOOL_CONVERSION = YES;
				CLANG_WARN_CONSTANT_CONVERSION = YES;
				CLANG_WARN_DIRECT_OBJC_ISA_USAGE = YES_ERROR;
				CLANG_WARN_EMPTY_BODY = YES;
				CLANG_WARN_ENUM_CONVERSION = YES;
				CLANG_WARN_INT_CONVERSION = YES;
				CLANG_WARN_OBJC_ROOT_CLASS = YES_ERROR;
				CLANG_WARN_UNREACHABLE_CODE = YES;
				CLANG_WARN__DUPLICATE_METHOD_MATCH = YES;
				"CODE_SIGN_IDENTITY[sdk=iphoneos*]" = "iPhone Developer";
				COPY_PHASE_STRIP = YES;
				ENABLE_NS_ASSERTIONS = NO;
				ENABLE_STRICT_OBJC_MSGSEND = YES;
				GCC_C_LANGUAGE_STANDARD = gnu99;
				GCC_WARN_64_TO_32_BIT_CONVERSION = YES;
				GCC_WARN_ABOUT_RETURN_TYPE = YES_ERROR;
				GCC_WARN_UNDECLARED_SELECTOR = YES;
				GCC_WARN_UNINITIALIZED_AUTOS = YES_AGGRESSIVE;
				GCC_WARN_UNUSED_FUNCTION = YES;
				GCC_WARN_UNUSED_VARIABLE = YES;
				IPHONEOS_DEPLOYMENT_TARGET = 8.1;
				MTL_ENABLE_DEBUG_INFO = NO;
				SDKROOT = iphoneos;
				VALIDATE_PRODUCT = YES;
			};
			name = Release;
		};
		D25C45B31A7F85BB005CF5E5 /* Debug */ = {
			isa = XCBuildConfiguration;
			buildSettings = {
				ASSETCATALOG_COMPILER_APPICON_NAME = AppIcon;
				INFOPLIST_FILE = TestApp/Info.plist;
				LD_RUNPATH_SEARCH_PATHS = "$(inherited) @executable_path/Frameworks";
				PRODUCT_NAME = "$(TARGET_NAME)";
			};
			name = Debug;
		};
		D25C45B41A7F85BB005CF5E5 /* Release */ = {
			isa = XCBuildConfiguration;
			buildSettings = {
				ASSETCATALOG_COMPILER_APPICON_NAME = AppIcon;
				INFOPLIST_FILE = TestApp/Info.plist;
				LD_RUNPATH_SEARCH_PATHS = "$(inherited) @executable_path/Frameworks";
				PRODUCT_NAME = "$(TARGET_NAME)";
			};
			name = Release;
		};
		D25C45B61A7F85BB005CF5E5 /* Debug */ = {
			isa = XCBuildConfiguration;
			buildSettings = {
				BUNDLE_LOADER = "$(TEST_HOST)";
				FRAMEWORK_SEARCH_PATHS = (
					"$(SDKROOT)/Developer/Library/Frameworks",
					"$(inherited)",
				);
				GCC_PREPROCESSOR_DEFINITIONS = (
					"DEBUG=1",
					"$(inherited)",
				);
				INFOPLIST_FILE = TestAppTests/Info.plist;
				LD_RUNPATH_SEARCH_PATHS = "$(inherited) @executable_path/Frameworks @loader_path/Frameworks";
				PRODUCT_NAME = "$(TARGET_NAME)";
				TEST_HOST = "$(BUILT_PRODUCTS_DIR)/TestApp.app/TestApp";
			};
			name = Debug;
		};
		D25C45B71A7F85BB005CF5E5 /* Release */ = {
			isa = XCBuildConfiguration;
			buildSettings = {
				BUNDLE_LOADER = "$(TEST_HOST)";
				FRAMEWORK_SEARCH_PATHS = (
					"$(SDKROOT)/Developer/Library/Frameworks",
					"$(inherited)",
				);
				INFOPLIST_FILE = TestAppTests/Info.plist;
				LD_RUNPATH_SEARCH_PATHS = "$(inherited) @executable_path/Frameworks @loader_path/Frameworks";
				PRODUCT_NAME = "$(TARGET_NAME)";
				TEST_HOST = "$(BUILT_PRODUCTS_DIR)/TestApp.app/TestApp";
			};
			name = Release;
		};
/* End XCBuildConfiguration section */

/* Begin XCConfigurationList section */
		D25C458A1A7F85BA005CF5E5 /* Build configuration list for PBXProject "TestApp" */ = {
			isa = XCConfigurationList;
			buildConfigurations = (
				D25C45B01A7F85BB005CF5E5 /* Debug */,
				D25C45B11A7F85BB005CF5E5 /* Release */,
			);
			defaultConfigurationIsVisible = 0;
			defaultConfigurationName = Release;
		};
		D25C45B21A7F85BB005CF5E5 /* Build configuration list for PBXNativeTarget "TestApp" */ = {
			isa = XCConfigurationList;
			buildConfigurations = (
				D25C45B31A7F85BB005CF5E5 /* Debug */,
				D25C45B41A7F85BB005CF5E5 /* Release */,
			);
			defaultConfigurationIsVisible = 0;
			defaultConfigurationName = Release;
		};
		D25C45B51A7F85BB005CF5E5 /* Build configuration list for PBXNativeTarget "TestAppTests" */ = {
			isa = XCConfigurationList;
			buildConfigurations = (
				D25C45B61A7F85BB005CF5E5 /* Debug */,
				D25C45B71A7F85BB005CF5E5 /* Release */,
			);
			defaultConfigurationIsVisible = 0;
			defaultConfigurationName = Release;
		};
/* End XCConfigurationList section */
	};
	rootObject = D25C45871A7F85BA005CF5E5 /* Project object */;
}
